{
  "requires": true,
  "lockfileVersion": 1,
  "dependencies": {
    "miniprogram-datepicker": {
      "version": "0.2.0",
      "resolved": "https://registry.npmjs.org/miniprogram-datepicker/-/miniprogram-datepicker-0.2.0.tgz",
      "integrity": "sha512-X6fZOFaehu5pJpxLEC/1+rnqYiTY7YD3Op+WPICtC4fhUxV4BdLzi+QmBmOZA9klxkBStO4ZRZD+irSW+rFyIA=="
    }
  }
}
